
Microsoft Visual Studio Solution File, Format Version 12.00
# Visual Studio 15
VisualStudioVersion = 15.0.28307.757
MinimumVisualStudioVersion = 10.0.40219.1
Project("{FAE04EC0-301F-11D3-BF4B-00C04F79EFBC}") = "NaiveWebServer", "NaiveWebServer\NaiveWebServer.csproj", "{9BA9EA72-8CDA-4F58-8B03-04492278268F}"
EndProject
Project("{FAE04EC0-301F-11D3-BF4B-00C04F79EFBC}") = "TestNaiveWebServer", "TestNaiveWebServer\TestNaiveWebServer.csproj", "{03A68552-2D3C-49DF-A03A-D1723E36CA1F}"
EndProject
Project("{FAE04EC0-301F-11D3-BF4B-00C04F79EFBC}") = "NaiveWebServerConsole", "NaiveWebServerConsole\NaiveWebServerConsole.csproj", "{F6FF3049-0F2D-4C40-9C51-CDF7D9DD2559}"
EndProject
Global
	GlobalSection(SolutionConfigurationPlatforms) = preSolution
		Debug|Any CPU = Debug|Any CPU
		Release|Any CPU = Release|Any CPU
	EndGlobalSection
	GlobalSection(ProjectConfigurationPlatforms) = postSolution
		{9BA9EA72-8CDA-4F58-8B03-04492278268F}.Debug|Any CPU.ActiveCfg = Debug|Any CPU
		{9BA9EA72-8CDA-4F58-8B03-04492278268F}.Debug|Any CPU.Build.0 = Debug|Any CPU
		{9BA9EA72-8CDA-4F58-8B03-04492278268F}.Release|Any CPU.ActiveCfg = Release|Any CPU
		{9BA9EA72-8CDA-4F58-8B03-04492278268F}.Release|Any CPU.Build.0 = Release|Any CPU
		{03A68552-2D3C-49DF-A03A-D1723E36CA1F}.Debug|Any CPU.ActiveCfg = Debug|Any CPU
		{03A68552-2D3C-49DF-A03A-D1723E36CA1F}.Debug|Any CPU.Build.0 = Debug|Any CPU
		{03A68552-2D3C-49DF-A03A-D1723E36CA1F}.Release|Any CPU.ActiveCfg = Release|Any CPU
		{03A68552-2D3C-49DF-A03A-D1723E36CA1F}.Release|Any CPU.Build.0 = Release|Any CPU
		{F6FF3049-0F2D-4C40-9C51-CDF7D9DD2559}.Debug|Any CPU.ActiveCfg = Debug|Any CPU
		{F6FF3049-0F2D-4C40-9C51-CDF7D9DD2559}.Debug|Any CPU.Build.0 = Debug|Any CPU
		{F6FF3049-0F2D-4C40-9C51-CDF7D9DD2559}.Release|Any CPU.ActiveCfg = Release|Any CPU
		{F6FF3049-0F2D-4C40-9C51-CDF7D9DD2559}.Release|Any CPU.Build.0 = Release|Any CPU
	EndGlobalSection
	GlobalSection(SolutionProperties) = preSolution
		HideSolutionNode = FALSE
	EndGlobalSection
	GlobalSection(ExtensibilityGlobals) = postSolution
		SolutionGuid = {AA457495-AD0E-4589-BDF7-B2652BD788D1}
	EndGlobalSection
EndGlobal
